
Microsoft Visual Studio Solution File, Format Version 12.00
# Visual Studio Version 16
VisualStudioVersion = 16.0.33927.289
MinimumVisualStudioVersion = 10.0.40219.1
Project("{2150E333-8FDC-42A3-9474-1A3956D46DE8}") = "Task0", "Task0", "{A1E3C628-4DF4-4DC0-9559-02E542E0442E}"
EndProject
Project("{FAE04EC0-301F-11D3-BF4B-00C04F79EFBC}") = "Tyuiu.VengoVE.Sprint0.Task0.V0", "Tyuiu.VengoVE.Sprint0.Task0.V0\Tyuiu.VengoVE.Sprint0.Task0.V0.csproj", "{1FFC9804-6381-490E-9172-CB024C5FBA68}"
EndProject
Project("{2150E333-8FDC-42A3-9474-1A3956D46DE8}") = "Task1", "Task1", "{523EE60A-4C7A-4625-943D-F5378B96E9D6}"
EndProject
Project("{FAE04EC0-301F-11D3-BF4B-00C04F79EFBC}") = "Tyuiu.VengoVE.Sprint0.Task1.V0", "Tyuiu.VengoVE.Sprint0.Task1.V0\Tyuiu.VengoVE.Sprint0.Task1.V0.csproj", "{9BCDBBA5-58C2-4AB3-90A1-7F4925965360}"
EndProject
Project("{2150E333-8FDC-42A3-9474-1A3956D46DE8}") = "Task2", "Task2", "{BFD1D129-1043-45C5-9990-659F93474DA8}"
EndProject
Project("{FAE04EC0-301F-11D3-BF4B-00C04F79EFBC}") = "Tyuiu.VengoVE.Sprint0.Task2.V0", "Tyuiu.VengoVE.Sprint0.Task2.V0\Tyuiu.VengoVE.Sprint0.Task2.V0.csproj", "{88F59F52-5E9B-4371-BB2C-CF5CA2057D5E}"
EndProject
Project("{FAE04EC0-301F-11D3-BF4B-00C04F79EFBC}") = "Tyuiu.VengoVE.Sprint0.Task2.V0.Lib", "Tyuiu.VengoVE.Sprint0.Task2.V0.Lib\Tyuiu.VengoVE.Sprint0.Task2.V0.Lib.csproj", "{F931C0CA-5B0E-485B-9284-75B7830BBFBD}"
EndProject
Project("{FAE04EC0-301F-11D3-BF4B-00C04F79EFBC}") = "Tyuiu.VengoVE.Sprint0.Task2.V0.Test", "Tyuiu.VengoVE.Sprint0.Task2.V0.Test\Tyuiu.VengoVE.Sprint0.Task2.V0.Test.csproj", "{CA84AE0E-1C83-4E70-8B4D-BB77CFE41A16}"
EndProject
Project("{2150E333-8FDC-42A3-9474-1A3956D46DE8}") = "Task3", "Task3", "{086B9E11-8215-41F4-A7E4-CE37F4B673CB}"
EndProject
Project("{FAE04EC0-301F-11D3-BF4B-00C04F79EFBC}") = "Tyuiu.VengoVE.Sprint0.Task3.V0", "Tyuiu.VengoVE.Sprint0.Task3.V0\Tyuiu.VengoVE.Sprint0.Task3.V0.csproj", "{294E9182-55F3-4FAD-9350-24A051090A9D}"
EndProject
Project("{FAE04EC0-301F-11D3-BF4B-00C04F79EFBC}") = "Tyuiu.VengoVE.Sprint0.Task3.V0.Lib", "Tyuiu.VengoVE.Sprint0.Task3.V0.Lib\Tyuiu.VengoVE.Sprint0.Task3.V0.Lib.csproj", "{406BB79B-7E3E-48C1-879A-6ADD31C3C637}"
EndProject
Project("{FAE04EC0-301F-11D3-BF4B-00C04F79EFBC}") = "Tyuiu.VengoVE.Sprint0.Task3.V0.Test", "Tyuiu.VengoVE.Sprint0.Task3.V0.Test\Tyuiu.VengoVE.Sprint0.Task3.V0.Test.csproj", "{ABD77F7D-D0A2-4A7C-82CC-C2D83D74FB8D}"
EndProject
Global
	GlobalSection(SolutionConfigurationPlatforms) = preSolution
		Debug|Any CPU = Debug|Any CPU
		Release|Any CPU = Release|Any CPU
	EndGlobalSection
	GlobalSection(ProjectConfigurationPlatforms) = postSolution
		{1FFC9804-6381-490E-9172-CB024C5FBA68}.Debug|Any CPU.ActiveCfg = Debug|Any CPU
		{1FFC9804-6381-490E-9172-CB024C5FBA68}.Debug|Any CPU.Build.0 = Debug|Any CPU
		{1FFC9804-6381-490E-9172-CB024C5FBA68}.Release|Any CPU.ActiveCfg = Release|Any CPU
		{1FFC9804-6381-490E-9172-CB024C5FBA68}.Release|Any CPU.Build.0 = Release|Any CPU
		{9BCDBBA5-58C2-4AB3-90A1-7F4925965360}.Debug|Any CPU.ActiveCfg = Debug|Any CPU
		{9BCDBBA5-58C2-4AB3-90A1-7F4925965360}.Debug|Any CPU.Build.0 = Debug|Any CPU
		{9BCDBBA5-58C2-4AB3-90A1-7F4925965360}.Release|Any CPU.ActiveCfg = Release|Any CPU
		{9BCDBBA5-58C2-4AB3-90A1-7F4925965360}.Release|Any CPU.Build.0 = Release|Any CPU
		{88F59F52-5E9B-4371-BB2C-CF5CA2057D5E}.Debug|Any CPU.ActiveCfg = Debug|Any CPU
		{88F59F52-5E9B-4371-BB2C-CF5CA2057D5E}.Debug|Any CPU.Build.0 = Debug|Any CPU
		{88F59F52-5E9B-4371-BB2C-CF5CA2057D5E}.Release|Any CPU.ActiveCfg = Release|Any CPU
		{88F59F52-5E9B-4371-BB2C-CF5CA2057D5E}.Release|Any CPU.Build.0 = Release|Any CPU
		{F931C0CA-5B0E-485B-9284-75B7830BBFBD}.Debug|Any CPU.ActiveCfg = Debug|Any CPU
		{F931C0CA-5B0E-485B-9284-75B7830BBFBD}.Debug|Any CPU.Build.0 = Debug|Any CPU
		{F931C0CA-5B0E-485B-9284-75B7830BBFBD}.Release|Any CPU.ActiveCfg = Release|Any CPU
		{F931C0CA-5B0E-485B-9284-75B7830BBFBD}.Release|Any CPU.Build.0 = Release|Any CPU
		{CA84AE0E-1C83-4E70-8B4D-BB77CFE41A16}.Debug|Any CPU.ActiveCfg = Debug|Any CPU
		{CA84AE0E-1C83-4E70-8B4D-BB77CFE41A16}.Debug|Any CPU.Build.0 = Debug|Any CPU
		{CA84AE0E-1C83-4E70-8B4D-BB77CFE41A16}.Release|Any CPU.ActiveCfg = Release|Any CPU
		{CA84AE0E-1C83-4E70-8B4D-BB77CFE41A16}.Release|Any CPU.Build.0 = Release|Any CPU
		{294E9182-55F3-4FAD-9350-24A051090A9D}.Debug|Any CPU.ActiveCfg = Debug|Any CPU
		{294E9182-55F3-4FAD-9350-24A051090A9D}.Debug|Any CPU.Build.0 = Debug|Any CPU
		{294E9182-55F3-4FAD-9350-24A051090A9D}.Release|Any CPU.ActiveCfg = Release|Any CPU
		{294E9182-55F3-4FAD-9350-24A051090A9D}.Release|Any CPU.Build.0 = Release|Any CPU
		{406BB79B-7E3E-48C1-879A-6ADD31C3C637}.Debug|Any CPU.ActiveCfg = Debug|Any CPU
		{406BB79B-7E3E-48C1-879A-6ADD31C3C637}.Debug|Any CPU.Build.0 = Debug|Any CPU
		{406BB79B-7E3E-48C1-879A-6ADD31C3C637}.Release|Any CPU.ActiveCfg = Release|Any CPU
		{406BB79B-7E3E-48C1-879A-6ADD31C3C637}.Release|Any CPU.Build.0 = Release|Any CPU
		{ABD77F7D-D0A2-4A7C-82CC-C2D83D74FB8D}.Debug|Any CPU.ActiveCfg = Debug|Any CPU
		{ABD77F7D-D0A2-4A7C-82CC-C2D83D74FB8D}.Debug|Any CPU.Build.0 = Debug|Any CPU
		{ABD77F7D-D0A2-4A7C-82CC-C2D83D74FB8D}.Release|Any CPU.ActiveCfg = Release|Any CPU
		{ABD77F7D-D0A2-4A7C-82CC-C2D83D74FB8D}.Release|Any CPU.Build.0 = Release|Any CPU
	EndGlobalSection
	GlobalSection(SolutionProperties) = preSolution
		HideSolutionNode = FALSE
	EndGlobalSection
	GlobalSection(NestedProjects) = preSolution
		{1FFC9804-6381-490E-9172-CB024C5FBA68} = {A1E3C628-4DF4-4DC0-9559-02E542E0442E}
		{9BCDBBA5-58C2-4AB3-90A1-7F4925965360} = {523EE60A-4C7A-4625-943D-F5378B96E9D6}
		{88F59F52-5E9B-4371-BB2C-CF5CA2057D5E} = {BFD1D129-1043-45C5-9990-659F93474DA8}
		{F931C0CA-5B0E-485B-9284-75B7830BBFBD} = {BFD1D129-1043-45C5-9990-659F93474DA8}
		{CA84AE0E-1C83-4E70-8B4D-BB77CFE41A16} = {BFD1D129-1043-45C5-9990-659F93474DA8}
		{294E9182-55F3-4FAD-9350-24A051090A9D} = {086B9E11-8215-41F4-A7E4-CE37F4B673CB}
		{406BB79B-7E3E-48C1-879A-6ADD31C3C637} = {086B9E11-8215-41F4-A7E4-CE37F4B673CB}
		{ABD77F7D-D0A2-4A7C-82CC-C2D83D74FB8D} = {086B9E11-8215-41F4-A7E4-CE37F4B673CB}
	EndGlobalSection
	GlobalSection(ExtensibilityGlobals) = postSolution
		SolutionGuid = {676BF045-F22C-44C2-95F8-280738C12F3B}
	EndGlobalSection
EndGlobal
